
Microsoft Visual Studio Solution File, Format Version 12.00
# Visual Studio Version 17
VisualStudioVersion = 17.14.36109.1 d17.14
MinimumVisualStudioVersion = 10.0.40219.1
Project("{FAE04EC0-301F-11D3-BF4B-00C04F79EFBC}") = "MyApi", "MyApi\MyApi.csproj", "{1EF73001-6FF4-4DD0-80F3-464186EB3F01}"
EndProject
Global
	GlobalSection(SolutionConfigurationPlatforms) = preSolution
		Debug|Any CPU = Debug|Any CPU
		Release|Any CPU = Release|Any CPU
	EndGlobalSection
	GlobalSection(ProjectConfigurationPlatforms) = postSolution
		{1EF73001-6FF4-4DD0-80F3-464186EB3F01}.Debug|Any CPU.ActiveCfg = Debug|Any CPU
		{1EF73001-6FF4-4DD0-80F3-464186EB3F01}.Debug|Any CPU.Build.0 = Debug|Any CPU
		{1EF73001-6FF4-4DD0-80F3-464186EB3F01}.Release|Any CPU.ActiveCfg = Release|Any CPU
		{1EF73001-6FF4-4DD0-80F3-464186EB3F01}.Release|Any CPU.Build.0 = Release|Any CPU
	EndGlobalSection
	GlobalSection(SolutionProperties) = preSolution
		HideSolutionNode = FALSE
	EndGlobalSection
	GlobalSection(ExtensibilityGlobals) = postSolution
		SolutionGuid = {F9E7EC66-D159-47BA-84C6-E7F1F0E1B417}
	EndGlobalSection
EndGlobal
